
Microsoft Visual Studio Solution File, Format Version 12.00
# Visual Studio Version 17
VisualStudioVersion = 17.10.34916.146
MinimumVisualStudioVersion = 10.0.40219.1
Project("{FAE04EC0-301F-11D3-BF4B-00C04F79EFBC}") = "UMS.API", "UMS.API\UMS.API.csproj", "{6D5CF16C-377E-4026-A9B6-4BFD574AEACC}"
EndProject
Project("{FAE04EC0-301F-11D3-BF4B-00C04F79EFBC}") = "UMS.Domain", "UMS.Domain\UMS.Domain.csproj", "{229E57F7-D146-4B50-A883-7DC53E35EA5E}"
EndProject
Project("{FAE04EC0-301F-11D3-BF4B-00C04F79EFBC}") = "UMS.DataLogic", "UMS.DataLogic\UMS.DataLogic.csproj", "{D73FA67E-EBB8-4115-8A65-DBDDEC29EC4F}"
EndProject
Project("{FAE04EC0-301F-11D3-BF4B-00C04F79EFBC}") = "UMS.BusinessLogic", "UMS.BusinessLogic\UMS.BusinessLogic.csproj", "{5C925B12-C581-4C30-BB10-C193A80588A9}"
EndProject
Global
	GlobalSection(SolutionConfigurationPlatforms) = preSolution
		Debug|Any CPU = Debug|Any CPU
		Release|Any CPU = Release|Any CPU
	EndGlobalSection
	GlobalSection(ProjectConfigurationPlatforms) = postSolution
		{6D5CF16C-377E-4026-A9B6-4BFD574AEACC}.Debug|Any CPU.ActiveCfg = Debug|Any CPU
		{6D5CF16C-377E-4026-A9B6-4BFD574AEACC}.Debug|Any CPU.Build.0 = Debug|Any CPU
		{6D5CF16C-377E-4026-A9B6-4BFD574AEACC}.Release|Any CPU.ActiveCfg = Release|Any CPU
		{6D5CF16C-377E-4026-A9B6-4BFD574AEACC}.Release|Any CPU.Build.0 = Release|Any CPU
		{229E57F7-D146-4B50-A883-7DC53E35EA5E}.Debug|Any CPU.ActiveCfg = Debug|Any CPU
		{229E57F7-D146-4B50-A883-7DC53E35EA5E}.Debug|Any CPU.Build.0 = Debug|Any CPU
		{229E57F7-D146-4B50-A883-7DC53E35EA5E}.Release|Any CPU.ActiveCfg = Release|Any CPU
		{229E57F7-D146-4B50-A883-7DC53E35EA5E}.Release|Any CPU.Build.0 = Release|Any CPU
		{D73FA67E-EBB8-4115-8A65-DBDDEC29EC4F}.Debug|Any CPU.ActiveCfg = Debug|Any CPU
		{D73FA67E-EBB8-4115-8A65-DBDDEC29EC4F}.Debug|Any CPU.Build.0 = Debug|Any CPU
		{D73FA67E-EBB8-4115-8A65-DBDDEC29EC4F}.Release|Any CPU.ActiveCfg = Release|Any CPU
		{D73FA67E-EBB8-4115-8A65-DBDDEC29EC4F}.Release|Any CPU.Build.0 = Release|Any CPU
		{5C925B12-C581-4C30-BB10-C193A80588A9}.Debug|Any CPU.ActiveCfg = Debug|Any CPU
		{5C925B12-C581-4C30-BB10-C193A80588A9}.Debug|Any CPU.Build.0 = Debug|Any CPU
		{5C925B12-C581-4C30-BB10-C193A80588A9}.Release|Any CPU.ActiveCfg = Release|Any CPU
		{5C925B12-C581-4C30-BB10-C193A80588A9}.Release|Any CPU.Build.0 = Release|Any CPU
	EndGlobalSection
	GlobalSection(SolutionProperties) = preSolution
		HideSolutionNode = FALSE
	EndGlobalSection
	GlobalSection(ExtensibilityGlobals) = postSolution
		SolutionGuid = {3B60BC96-3B22-4F28-B9E3-F1AF860625B3}
	EndGlobalSection
EndGlobal
